
Microsoft Visual Studio Solution File, Format Version 12.00
# Visual Studio 14
VisualStudioVersion = 14.0.25420.1
MinimumVisualStudioVersion = 10.0.40219.1
Project("{FAE04EC0-301F-11D3-BF4B-00C04F79EFBC}") = "UniDsproc", "UniDsproc\UniDsproc.csproj", "{5B366604-40F2-41E2-B7B5-86C22F490BA1}"
EndProject
Project("{FAE04EC0-301F-11D3-BF4B-00C04F79EFBC}") = "Space.Core", "Space.Core\Space.Core.csproj", "{10F8428D-46E9-4484-90CA-BF4563D1039E}"
EndProject
Project("{FAE04EC0-301F-11D3-BF4B-00C04F79EFBC}") = "Space.CertificateSerialization", "Space.CertificateSerialization\Space.CertificateSerialization.csproj", "{25503144-079E-49C7-8B46-8EB071830092}"
EndProject
Global
	GlobalSection(SolutionConfigurationPlatforms) = preSolution
		Debug|Any CPU = Debug|Any CPU
		Release|Any CPU = Release|Any CPU
	EndGlobalSection
	GlobalSection(ProjectConfigurationPlatforms) = postSolution
		{5B366604-40F2-41E2-B7B5-86C22F490BA1}.Debug|Any CPU.ActiveCfg = Debug|Any CPU
		{5B366604-40F2-41E2-B7B5-86C22F490BA1}.Debug|Any CPU.Build.0 = Debug|Any CPU
		{5B366604-40F2-41E2-B7B5-86C22F490BA1}.Release|Any CPU.ActiveCfg = Release|Any CPU
		{5B366604-40F2-41E2-B7B5-86C22F490BA1}.Release|Any CPU.Build.0 = Release|Any CPU
		{10F8428D-46E9-4484-90CA-BF4563D1039E}.Debug|Any CPU.ActiveCfg = Debug|Any CPU
		{10F8428D-46E9-4484-90CA-BF4563D1039E}.Debug|Any CPU.Build.0 = Debug|Any CPU
		{10F8428D-46E9-4484-90CA-BF4563D1039E}.Release|Any CPU.ActiveCfg = Release|Any CPU
		{10F8428D-46E9-4484-90CA-BF4563D1039E}.Release|Any CPU.Build.0 = Release|Any CPU
		{25503144-079E-49C7-8B46-8EB071830092}.Debug|Any CPU.ActiveCfg = Debug|Any CPU
		{25503144-079E-49C7-8B46-8EB071830092}.Debug|Any CPU.Build.0 = Debug|Any CPU
		{25503144-079E-49C7-8B46-8EB071830092}.Release|Any CPU.ActiveCfg = Release|Any CPU
		{25503144-079E-49C7-8B46-8EB071830092}.Release|Any CPU.Build.0 = Release|Any CPU
	EndGlobalSection
	GlobalSection(SolutionProperties) = preSolution
		HideSolutionNode = FALSE
	EndGlobalSection
EndGlobal
